// !$*UTF8*$!
{
	archiveVersion = 1;
	classes = {
	};
	objectVersion = 46;
	objects = {

/* Begin PBXBuildFile section */
		04050ABF1B0536F000D1DD3E /* AppDelegate.swift in Sources */ = {isa = PBXBuildFile; fileRef = 04050ABE1B0536F000D1DD3E /* AppDelegate.swift */; };
		04050AC11B0536F000D1DD3E /* MemeEditorViewController.swift in Sources */ = {isa = PBXBuildFile; fileRef = 04050AC01B0536F000D1DD3E /* MemeEditorViewController.swift */; };
		04050AC41B0536F000D1DD3E /* Main.storyboard in Resources */ = {isa = PBXBuildFile; fileRef = 04050AC21B0536F000D1DD3E /* Main.storyboard */; };
		04050AC61B0536F000D1DD3E /* Images.xcassets in Resources */ = {isa = PBXBuildFile; fileRef = 04050AC51B0536F000D1DD3E /* Images.xcassets */; };
		04050AC91B0536F000D1DD3E /* LaunchScreen.xib in Resources */ = {isa = PBXBuildFile; fileRef = 04050AC71B0536F000D1DD3E /* LaunchScreen.xib */; };
		04050AD51B0536F100D1DD3E /* MemeMeTests.swift in Sources */ = {isa = PBXBuildFile; fileRef = 04050AD41B0536F100D1DD3E /* MemeMeTests.swift */; };
		0405FC071B122A74006939D0 /* SentMemesTableViewController.swift in Sources */ = {isa = PBXBuildFile; fileRef = 0405FC061B122A74006939D0 /* SentMemesTableViewController.swift */; };
		04076C9D1B0FBEAB00E30556 /* SentMemesViewController.swift in Sources */ = {isa = PBXBuildFile; fileRef = 04076C9C1B0FBEAB00E30556 /* SentMemesViewController.swift */; };
		04076C9F1B0FC3A600E30556 /* Meme.swift in Sources */ = {isa = PBXBuildFile; fileRef = 04076C9E1B0FC3A600E30556 /* Meme.swift */; };
		0407A61F1B17A6E8009F974E /* MemeTableCell.swift in Sources */ = {isa = PBXBuildFile; fileRef = 0407A61E1B17A6E8009F974E /* MemeTableCell.swift */; };
		0423F4EE1B1386F300D9C1AA /* SentMemesCollectionViewController.swift in Sources */ = {isa = PBXBuildFile; fileRef = 0423F4ED1B1386F300D9C1AA /* SentMemesCollectionViewController.swift */; };
		0423F4F01B138A8300D9C1AA /* MemeCollectionCell.swift in Sources */ = {isa = PBXBuildFile; fileRef = 0423F4EF1B138A8300D9C1AA /* MemeCollectionCell.swift */; };
		0423F4F21B13A14700D9C1AA /* MemeDetailViewController.swift in Sources */ = {isa = PBXBuildFile; fileRef = 0423F4F11B13A14700D9C1AA /* MemeDetailViewController.swift */; };
/* End PBXBuildFile section */

/* Begin PBXContainerItemProxy section */
		04050ACF1B0536F100D1DD3E /* PBXContainerItemProxy */ = {
			isa = PBXContainerItemProxy;
			containerPortal = 04050AB11B0536F000D1DD3E /* Project object */;
			proxyType = 1;
			remoteGlobalIDString = 04050AB81B0536F000D1DD3E;
			remoteInfo = MemeMe;
		};
/* End PBXContainerItemProxy section */

/* Begin PBXFileReference section */
		04050AB91B0536F000D1DD3E /* MemeMe.app */ = {isa = PBXFileReference; explicitFileType = wrapper.application; includeInIndex = 0; path = MemeMe.app; sourceTree = BUILT_PRODUCTS_DIR; };
		04050ABD1B0536F000D1DD3E /* Info.plist */ = {isa = PBXFileReference; lastKnownFileType = text.plist.xml; path = Info.plist; sourceTree = "<group>"; };
		04050ABE1B0536F000D1DD3E /* AppDelegate.swift */ = {isa = PBXFileReference; lastKnownFileType = sourcecode.swift; path = AppDelegate.swift; sourceTree = "<group>"; };
		04050AC01B0536F000D1DD3E /* MemeEditorViewController.swift */ = {isa = PBXFileReference; lastKnownFileType = sourcecode.swift; path = MemeEditorViewController.swift; sourceTree = "<group>"; };
		04050AC31B0536F000D1DD3E /* Base */ = {isa = PBXFileReference; lastKnownFileType = file.storyboard; name = Base; path = Base.lproj/Main.storyboard; sourceTree = "<group>"; };
		04050AC51B0536F000D1DD3E /* Images.xcassets */ = {isa = PBXFileReference; lastKnownFileType = folder.assetcatalog; path = Images.xcassets; sourceTree = "<group>"; };
		04050AC81B0536F000D1DD3E /* Base */ = {isa = PBXFileReference; lastKnownFileType = file.xib; name = Base; path = Base.lproj/LaunchScreen.xib; sourceTree = "<group>"; };
		04050ACE1B0536F100D1DD3E /* MemeMeTests.xctest */ = {isa = PBXFileReference; explicitFileType = wrapper.cfbundle; includeInIndex = 0; path = MemeMeTests.xctest; sourceTree = BUILT_PRODUCTS_DIR; };
		04050AD31B0536F100D1DD3E /* Info.plist */ = {isa = PBXFileReference; lastKnownFileType = text.plist.xml; path = Info.plist; sourceTree = "<group>"; };
		04050AD41B0536F100D1DD3E /* MemeMeTests.swift */ = {isa = PBXFileReference; lastKnownFileType = sourcecode.swift; path = MemeMeTests.swift; sourceTree = "<group>"; };
		0405FC061B122A74006939D0 /* SentMemesTableViewController.swift */ = {isa = PBXFileReference; fileEncoding = 4; lastKnownFileType = sourcecode.swift; path = SentMemesTableViewController.swift; sourceTree = "<group>"; };
		04076C9C1B0FBEAB00E30556 /* SentMemesViewController.swift */ = {isa = PBXFileReference; fileEncoding = 4; lastKnownFileType = sourcecode.swift; path = SentMemesViewController.swift; sourceTree = "<group>"; };
		04076C9E1B0FC3A600E30556 /* Meme.swift */ = {isa = PBXFileReference; fileEncoding = 4; lastKnownFileType = sourcecode.swift; path = Meme.swift; sourceTree = "<group>"; };
		0407A61E1B17A6E8009F974E /* MemeTableCell.swift */ = {isa = PBXFileReference; fileEncoding = 4; lastKnownFileType = sourcecode.swift; path = MemeTableCell.swift; sourceTree = "<group>"; };
		0423F4ED1B1386F300D9C1AA /* SentMemesCollectionViewController.swift */ = {isa = PBXFileReference; fileEncoding = 4; lastKnownFileType = sourcecode.swift; path = SentMemesCollectionViewController.swift; sourceTree = "<group>"; };
		0423F4EF1B138A8300D9C1AA /* MemeCollectionCell.swift */ = {isa = PBXFileReference; fileEncoding = 4; lastKnownFileType = sourcecode.swift; path = MemeCollectionCell.swift; sourceTree = "<group>"; };
		0423F4F11B13A14700D9C1AA /* MemeDetailViewController.swift */ = {isa = PBXFileReference; fileEncoding = 4; lastKnownFileType = sourcecode.swift; path = MemeDetailViewController.swift; sourceTree = "<group>"; };
/* End PBXFileReference section */

/* Begin PBXFrameworksBuildPhase section */
		04050AB61B0536F000D1DD3E /* Frameworks */ = {
			isa = PBXFrameworksBuildPhase;
			buildActionMask = 2147483647;
			files = (
			);
			runOnlyForDeploymentPostprocessing = 0;
		};
		04050ACB1B0536F100D1DD3E /* Frameworks */ = {
			isa = PBXFrameworksBuildPhase;
			buildActionMask = 2147483647;
			files = (
			);
			runOnlyForDeploymentPostprocessing = 0;
		};
/* End PBXFrameworksBuildPhase section */

/* Begin PBXGroup section */
		04050AB01B0536F000D1DD3E = {
			isa = PBXGroup;
			children = (
				04050ABB1B0536F000D1DD3E /* MemeMe */,
				04050AD11B0536F100D1DD3E /* MemeMeTests */,
				04050ABA1B0536F000D1DD3E /* Products */,
			);
			sourceTree = "<group>";
		};
		04050ABA1B0536F000D1DD3E /* Products */ = {
			isa = PBXGroup;
			children = (
				04050AB91B0536F000D1DD3E /* MemeMe.app */,
				04050ACE1B0536F100D1DD3E /* MemeMeTests.xctest */,
			);
			name = Products;
			sourceTree = "<group>";
		};
		04050ABB1B0536F000D1DD3E /* MemeMe */ = {
			isa = PBXGroup;
			children = (
				04050ABE1B0536F000D1DD3E /* AppDelegate.swift */,
				04076C9E1B0FC3A600E30556 /* Meme.swift */,
				0423F4EF1B138A8300D9C1AA /* MemeCollectionCell.swift */,
				0407A61E1B17A6E8009F974E /* MemeTableCell.swift */,
				0423F4F11B13A14700D9C1AA /* MemeDetailViewController.swift */,
				04050AC01B0536F000D1DD3E /* MemeEditorViewController.swift */,
				04050AC21B0536F000D1DD3E /* Main.storyboard */,
				04076C9C1B0FBEAB00E30556 /* SentMemesViewController.swift */,
				0405FC061B122A74006939D0 /* SentMemesTableViewController.swift */,
				0423F4ED1B1386F300D9C1AA /* SentMemesCollectionViewController.swift */,
				04050AC51B0536F000D1DD3E /* Images.xcassets */,
				04050AC71B0536F000D1DD3E /* LaunchScreen.xib */,
				04050ABC1B0536F000D1DD3E /* Supporting Files */,
			);
			path = MemeMe;
			sourceTree = "<group>";
		};
		04050ABC1B0536F000D1DD3E /* Supporting Files */ = {
			isa = PBXGroup;
			children = (
				04050ABD1B0536F000D1DD3E /* Info.plist */,
			);
			name = "Supporting Files";
			sourceTree = "<group>";
		};
		04050AD11B0536F100D1DD3E /* MemeMeTests */ = {
			isa = PBXGroup;
			children = (
				04050AD41B0536F100D1DD3E /* MemeMeTests.swift */,
				04050AD21B0536F100D1DD3E /* Supporting Files */,
			);
			path = MemeMeTests;
			sourceTree = "<group>";
		};
		04050AD21B0536F100D1DD3E /* Supporting Files */ = {
			isa = PBXGroup;
			children = (
				04050AD31B0536F100D1DD3E /* Info.plist */,
			);
			name = "Supporting Files";
			sourceTree = "<group>";
		};
/* End PBXGroup section */

/* Begin PBXNativeTarget section */
		04050AB81B0536F000D1DD3E /* MemeMe */ = {
			isa = PBXNativeTarget;
			buildConfigurationList = 04050AD81B0536F100D1DD3E /* Build configuration list for PBXNativeTarget "MemeMe" */;
			buildPhases = (
				04050AB51B0536F000D1DD3E /* Sources */,
				04050AB61B0536F000D1DD3E /* Frameworks */,
				04050AB71B0536F000D1DD3E /* Resources */,
			);
			buildRules = (
			);
			dependencies = (
			);
			name = MemeMe;
			productName = MemeMe;
			productReference = 04050AB91B0536F000D1DD3E /* MemeMe.app */;
			productType = "com.apple.product-type.application";
		};
		04050ACD1B0536F100D1DD3E /* MemeMeTests */ = {
			isa = PBXNativeTarget;
			buildConfigurationList = 04050ADB1B0536F100D1DD3E /* Build configuration list for PBXNativeTarget "MemeMeTests" */;
			buildPhases = (
				04050ACA1B0536F100D1DD3E /* Sources */,
				04050ACB1B0536F100D1DD3E /* Frameworks */,
				04050ACC1B0536F100D1DD3E /* Resources */,
			);
			buildRules = (
			);
			dependencies = (
				04050AD01B0536F100D1DD3E /* PBXTargetDependency */,
			);
			name = MemeMeTests;
			productName = MemeMeTests;
			productReference = 04050ACE1B0536F100D1DD3E /* MemeMeTests.xctest */;
			productType = "com.apple.product-type.bundle.unit-test";
		};
/* End PBXNativeTarget section */

/* Begin PBXProject section */
		04050AB11B0536F000D1DD3E /* Project object */ = {
			isa = PBXProject;
			attributes = {
				LastSwiftUpdateCheck = 0700;
				LastUpgradeCheck = 0630;
				ORGANIZATIONNAME = Justcode.be;
				TargetAttributes = {
					04050AB81B0536F000D1DD3E = {
						CreatedOnToolsVersion = 6.3;
					};
					04050ACD1B0536F100D1DD3E = {
						CreatedOnToolsVersion = 6.3;
						TestTargetID = 04050AB81B0536F000D1DD3E;
					};
				};
			};
			buildConfigurationList = 04050AB41B0536F000D1DD3E /* Build configuration list for PBXProject "MemeMe" */;
			compatibilityVersion = "Xcode 3.2";
			developmentRegion = English;
			hasScannedForEncodings = 0;
			knownRegions = (
				en,
				Base,
			);
			mainGroup = 04050AB01B0536F000D1DD3E;
			productRefGroup = 04050ABA1B0536F000D1DD3E /* Products */;
			projectDirPath = "";
			projectRoot = "";
			targets = (
				04050AB81B0536F000D1DD3E /* MemeMe */,
				04050ACD1B0536F100D1DD3E /* MemeMeTests */,
			);
		};
/* End PBXProject section */

/* Begin PBXResourcesBuildPhase section */
		04050AB71B0536F000D1DD3E /* Resources */ = {
			isa = PBXResourcesBuildPhase;
			buildActionMask = 2147483647;
			files = (
				04050AC41B0536F000D1DD3E /* Main.storyboard in Resources */,
				04050AC91B0536F000D1DD3E /* LaunchScreen.xib in Resources */,
				04050AC61B0536F000D1DD3E /* Images.xcassets in Resources */,
			);
			runOnlyForDeploymentPostprocessing = 0;
		};
		04050ACC1B0536F100D1DD3E /* Resources */ = {
			isa = PBXResourcesBuildPhase;
			buildActionMask = 2147483647;
			files = (
			);
			runOnlyForDeploymentPostprocessing = 0;
		};
/* End PBXResourcesBuildPhase section */

/* Begin PBXSourcesBuildPhase section */
		04050AB51B0536F000D1DD3E /* Sources */ = {
			isa = PBXSourcesBuildPhase;
			buildActionMask = 2147483647;
			files = (
				04076C9D1B0FBEAB00E30556 /* SentMemesViewController.swift in Sources */,
				04076C9F1B0FC3A600E30556 /* Meme.swift in Sources */,
				0423F4EE1B1386F300D9C1AA /* SentMemesCollectionViewController.swift in Sources */,
				04050AC11B0536F000D1DD3E /* MemeEditorViewController.swift in Sources */,
				0423F4F01B138A8300D9C1AA /* MemeCollectionCell.swift in Sources */,
				0405FC071B122A74006939D0 /* SentMemesTableViewController.swift in Sources */,
				04050ABF1B0536F000D1DD3E /* AppDelegate.swift in Sources */,
				0423F4F21B13A14700D9C1AA /* MemeDetailViewController.swift in Sources */,
				0407A61F1B17A6E8009F974E /* MemeTableCell.swift in Sources */,
			);
			runOnlyForDeploymentPostprocessing = 0;
		};
		04050ACA1B0536F100D1DD3E /* Sources */ = {
			isa = PBXSourcesBuildPhase;
			buildActionMask = 2147483647;
			files = (
				04050AD51B0536F100D1DD3E /* MemeMeTests.swift in Sources */,
			);
			runOnlyForDeploymentPostprocessing = 0;
		};
/* End PBXSourcesBuildPhase section */

/* Begin PBXTargetDependency section */
		04050AD01B0536F100D1DD3E /* PBXTargetDependency */ = {
			isa = PBXTargetDependency;
			target = 04050AB81B0536F000D1DD3E /* MemeMe */;
			targetProxy = 04050ACF1B0536F100D1DD3E /* PBXContainerItemProxy */;
		};
/* End PBXTargetDependency section */

/* Begin PBXVariantGroup section */
		04050AC21B0536F000D1DD3E /* Main.storyboard */ = {
			isa = PBXVariantGroup;
			children = (
				04050AC31B0536F000D1DD3E /* Base */,
			);
			name = Main.storyboard;
			sourceTree = "<group>";
		};
		04050AC71B0536F000D1DD3E /* LaunchScreen.xib */ = {
			isa = PBXVariantGroup;
			children = (
				04050AC81B0536F000D1DD3E /* Base */,
			);
			name = LaunchScreen.xib;
			sourceTree = "<group>";
		};
/* End PBXVariantGroup section */

/* Begin XCBuildConfiguration section */
		04050AD61B0536F100D1DD3E /* Debug */ = {
			isa = XCBuildConfiguration;
			buildSettings = {
				ALWAYS_SEARCH_USER_PATHS = NO;
				CLANG_CXX_LANGUAGE_STANDARD = "gnu++0x";
				CLANG_CXX_LIBRARY = "libc++";
				CLANG_ENABLE_MODULES = YES;
				CLANG_ENABLE_OBJC_ARC = YES;
				CLANG_WARN_BOOL_CONVERSION = YES;
				CLANG_WARN_CONSTANT_CONVERSION = YES;
				CLANG_WARN_DIRECT_OBJC_ISA_USAGE = YES_ERROR;
				CLANG_WARN_EMPTY_BODY = YES;
				CLANG_WARN_ENUM_CONVERSION = YES;
				CLANG_WARN_INT_CONVERSION = YES;
				CLANG_WARN_OBJC_ROOT_CLASS = YES_ERROR;
				CLANG_WARN_UNREACHABLE_CODE = YES;
				CLANG_WARN__DUPLICATE_METHOD_MATCH = YES;
				"CODE_SIGN_IDENTITY[sdk=iphoneos*]" = "iPhone Developer";
				COPY_PHASE_STRIP = NO;
				DEBUG_INFORMATION_FORMAT = "dwarf-with-dsym";
				ENABLE_STRICT_OBJC_MSGSEND = YES;
				GCC_C_LANGUAGE_STANDARD = gnu99;
				GCC_DYNAMIC_NO_PIC = NO;
				GCC_NO_COMMON_BLOCKS = YES;
				GCC_OPTIMIZATION_LEVEL = 0;
				GCC_PREPROCESSOR_DEFINITIONS = (
					"DEBUG=1",
					"$(inherited)",
				);
				GCC_SYMBOLS_PRIVATE_EXTERN = NO;
				GCC_WARN_64_TO_32_BIT_CONVERSION = YES;
				GCC_WARN_ABOUT_RETURN_TYPE = YES_ERROR;
				GCC_WARN_UNDECLARED_SELECTOR = YES;
				GCC_WARN_UNINITIALIZED_AUTOS = YES_AGGRESSIVE;
				GCC_WARN_UNUSED_FUNCTION = YES;
				GCC_WARN_UNUSED_VARIABLE = YES;
				IPHONEOS_DEPLOYMENT_TARGET = 8.3;
				MTL_ENABLE_DEBUG_INFO = YES;
				ONLY_ACTIVE_ARCH = YES;
				SDKROOT = iphoneos;
				SWIFT_OPTIMIZATION_LEVEL = "-Onone";
			};
			name = Debug;
		};
		04050AD71B0536F100D1DD3E /* Release */ = {
			isa = XCBuildConfiguration;
			buildSettings = {
				ALWAYS_SEARCH_USER_PATHS = NO;
				CLANG_CXX_LANGUAGE_STANDARD = "gnu++0x";
				CLANG_CXX_LIBRARY = "libc++";
				CLANG_ENABLE_MODULES = YES;
				CLANG_ENABLE_OBJC_ARC = YES;
				CLANG_WARN_BOOL_CONVERSION = YES;
				CLANG_WARN_CONSTANT_CONVERSION = YES;
				CLANG_WARN_DIRECT_OBJC_ISA_USAGE = YES_ERROR;
				CLANG_WARN_EMPTY_BODY = YES;
				CLANG_WARN_ENUM_CONVERSION = YES;
				CLANG_WARN_INT_CONVERSION = YES;
				CLANG_WARN_OBJC_ROOT_CLASS = YES_ERROR;
				CLANG_WARN_UNREACHABLE_CODE = YES;
				CLANG_WARN__DUPLICATE_METHOD_MATCH = YES;
				"CODE_SIGN_IDENTITY[sdk=iphoneos*]" = "iPhone Developer";
				COPY_PHASE_STRIP = NO;
				DEBUG_INFORMATION_FORMAT = "dwarf-with-dsym";
				ENABLE_NS_ASSERTIONS = NO;
				ENABLE_STRICT_OBJC_MSGSEND = YES;
				GCC_C_LANGUAGE_STANDARD = gnu99;
				GCC_NO_COMMON_BLOCKS = YES;
				GCC_WARN_64_TO_32_BIT_CONVERSION = YES;
				GCC_WARN_ABOUT_RETURN_TYPE = YES_ERROR;
				GCC_WARN_UNDECLARED_SELECTOR = YES;
				GCC_WARN_UNINITIALIZED_AUTOS = YES_AGGRESSIVE;
				GCC_WARN_UNUSED_FUNCTION = YES;
				GCC_WARN_UNUSED_VARIABLE = YES;
				IPHONEOS_DEPLOYMENT_TARGET = 8.3;
				MTL_ENABLE_DEBUG_INFO = NO;
				SDKROOT = iphoneos;
				VALIDATE_PRODUCT = YES;
			};
			name = Release;
		};
		04050AD91B0536F100D1DD3E /* Debug */ = {
			isa = XCBuildConfiguration;
			buildSettings = {
				ASSETCATALOG_COMPILER_APPICON_NAME = AppIcon;
				INFOPLIST_FILE = MemeMe/Info.plist;
				LD_RUNPATH_SEARCH_PATHS = "$(inherited) @executable_path/Frameworks";
				PRODUCT_NAME = "$(TARGET_NAME)";
			};
			name = Debug;
		};
		04050ADA1B0536F100D1DD3E /* Release */ = {
			isa = XCBuildConfiguration;
			buildSettings = {
				ASSETCATALOG_COMPILER_APPICON_NAME = AppIcon;
				INFOPLIST_FILE = MemeMe/Info.plist;
				LD_RUNPATH_SEARCH_PATHS = "$(inherited) @executable_path/Frameworks";
				PRODUCT_NAME = "$(TARGET_NAME)";
			};
			name = Release;
		};
		04050ADC1B0536F100D1DD3E /* Debug */ = {
			isa = XCBuildConfiguration;
			buildSettings = {
				BUNDLE_LOADER = "$(TEST_HOST)";
				FRAMEWORK_SEARCH_PATHS = (
					"$(SDKROOT)/Developer/Library/Frameworks",
					"$(inherited)",
				);
				GCC_PREPROCESSOR_DEFINITIONS = (
					"DEBUG=1",
					"$(inherited)",
				);
				INFOPLIST_FILE = MemeMeTests/Info.plist;
				LD_RUNPATH_SEARCH_PATHS = "$(inherited) @executable_path/Frameworks @loader_path/Frameworks";
				PRODUCT_NAME = "$(TARGET_NAME)";
				TEST_HOST = "$(BUILT_PRODUCTS_DIR)/MemeMe.app/MemeMe";
			};
			name = Debug;
		};
		04050ADD1B0536F100D1DD3E /* Release */ = {
			isa = XCBuildConfiguration;
			buildSettings = {
				BUNDLE_LOADER = "$(TEST_HOST)";
				FRAMEWORK_SEARCH_PATHS = (
					"$(SDKROOT)/Developer/Library/Frameworks",
					"$(inherited)",
				);
				INFOPLIST_FILE = MemeMeTests/Info.plist;
				LD_RUNPATH_SEARCH_PATHS = "$(inherited) @executable_path/Frameworks @loader_path/Frameworks";
				PRODUCT_NAME = "$(TARGET_NAME)";
				TEST_HOST = "$(BUILT_PRODUCTS_DIR)/MemeMe.app/MemeMe";
			};
			name = Release;
		};
/* End XCBuildConfiguration section */

/* Begin XCConfigurationList section */
		04050AB41B0536F000D1DD3E /* Build configuration list for PBXProject "MemeMe" */ = {
			isa = XCConfigurationList;
			buildConfigurations = (
				04050AD61B0536F100D1DD3E /* Debug */,
				04050AD71B0536F100D1DD3E /* Release */,
			);
			defaultConfigurationIsVisible = 0;
			defaultConfigurationName = Release;
		};
		04050AD81B0536F100D1DD3E /* Build configuration list for PBXNativeTarget "MemeMe" */ = {
			isa = XCConfigurationList;
			buildConfigurations = (
				04050AD91B0536F100D1DD3E /* Debug */,
				04050ADA1B0536F100D1DD3E /* Release */,
			);
			defaultConfigurationIsVisible = 0;
			defaultConfigurationName = Release;
		};
		04050ADB1B0536F100D1DD3E /* Build configuration list for PBXNativeTarget "MemeMeTests" */ = {
			isa = XCConfigurationList;
			buildConfigurations = (
				04050ADC1B0536F100D1DD3E /* Debug */,
				04050ADD1B0536F100D1DD3E /* Release */,
			);
			defaultConfigurationIsVisible = 0;
			defaultConfigurationName = Release;
		};
/* End XCConfigurationList section */
	};
	rootObject = 04050AB11B0536F000D1DD3E /* Project object */;
}
